
Microsoft Visual Studio Solution File, Format Version 12.00
# Visual Studio Version 16
VisualStudioVersion = 16.0.29102.190
MinimumVisualStudioVersion = 10.0.40219.1
Project("{FAE04EC0-301F-11D3-BF4B-00C04F79EFBC}") = "ocelot_web1", "ocelot_web1\ocelot_web1.csproj", "{299317EC-636D-4BFC-93A8-C18D14257784}"
EndProject
Global
	GlobalSection(SolutionConfigurationPlatforms) = preSolution
		Debug|Any CPU = Debug|Any CPU
		Release|Any CPU = Release|Any CPU
	EndGlobalSection
	GlobalSection(ProjectConfigurationPlatforms) = postSolution
		{299317EC-636D-4BFC-93A8-C18D14257784}.Debug|Any CPU.ActiveCfg = Debug|Any CPU
		{299317EC-636D-4BFC-93A8-C18D14257784}.Debug|Any CPU.Build.0 = Debug|Any CPU
		{299317EC-636D-4BFC-93A8-C18D14257784}.Release|Any CPU.ActiveCfg = Release|Any CPU
		{299317EC-636D-4BFC-93A8-C18D14257784}.Release|Any CPU.Build.0 = Release|Any CPU
	EndGlobalSection
	GlobalSection(SolutionProperties) = preSolution
		HideSolutionNode = FALSE
	EndGlobalSection
	GlobalSection(ExtensibilityGlobals) = postSolution
		SolutionGuid = {FC6A2967-1921-4ECC-BC79-32598DF173BC}
	EndGlobalSection
EndGlobal
